
Microsoft Visual Studio Solution File, Format Version 12.00
# Visual Studio Version 17
VisualStudioVersion = 17.0.32112.339
MinimumVisualStudioVersion = 10.0.40219.1
Project("{2150E333-8FDC-42A3-9474-1A3956D46DE8}") = "Solution Items", "Solution Items", "{6B96611C-1ECA-48BD-A100-465F45406027}"
EndProject
Project("{9A19103F-16F7-4668-BE54-9A1E7A4F7556}") = "PigOut.Api", "src\PigOut.Api\PigOut.Api.csproj", "{6D19C480-3BA0-4530-9E98-9D3C0A42AFC0}"
EndProject
Project("{9A19103F-16F7-4668-BE54-9A1E7A4F7556}") = "PigOut.Business", "src\PigOut.Business\PigOut.Business.csproj", "{7003E246-3E4B-4D83-A59E-DEC55E2FE8A9}"
EndProject
Project("{9A19103F-16F7-4668-BE54-9A1E7A4F7556}") = "PigOut.Data", "src\PigOut.Data\PigOut.Data.csproj", "{00C2C32A-7081-4447-BCC3-E89DF5B70B69}"
EndProject
Global
	GlobalSection(SolutionConfigurationPlatforms) = preSolution
		Debug|Any CPU = Debug|Any CPU
		Release|Any CPU = Release|Any CPU
	EndGlobalSection
	GlobalSection(ProjectConfigurationPlatforms) = postSolution
		{6D19C480-3BA0-4530-9E98-9D3C0A42AFC0}.Debug|Any CPU.ActiveCfg = Debug|Any CPU
		{6D19C480-3BA0-4530-9E98-9D3C0A42AFC0}.Debug|Any CPU.Build.0 = Debug|Any CPU
		{6D19C480-3BA0-4530-9E98-9D3C0A42AFC0}.Release|Any CPU.ActiveCfg = Release|Any CPU
		{6D19C480-3BA0-4530-9E98-9D3C0A42AFC0}.Release|Any CPU.Build.0 = Release|Any CPU
		{7003E246-3E4B-4D83-A59E-DEC55E2FE8A9}.Debug|Any CPU.ActiveCfg = Debug|Any CPU
		{7003E246-3E4B-4D83-A59E-DEC55E2FE8A9}.Debug|Any CPU.Build.0 = Debug|Any CPU
		{7003E246-3E4B-4D83-A59E-DEC55E2FE8A9}.Release|Any CPU.ActiveCfg = Release|Any CPU
		{7003E246-3E4B-4D83-A59E-DEC55E2FE8A9}.Release|Any CPU.Build.0 = Release|Any CPU
		{00C2C32A-7081-4447-BCC3-E89DF5B70B69}.Debug|Any CPU.ActiveCfg = Debug|Any CPU
		{00C2C32A-7081-4447-BCC3-E89DF5B70B69}.Debug|Any CPU.Build.0 = Debug|Any CPU
		{00C2C32A-7081-4447-BCC3-E89DF5B70B69}.Release|Any CPU.ActiveCfg = Release|Any CPU
		{00C2C32A-7081-4447-BCC3-E89DF5B70B69}.Release|Any CPU.Build.0 = Release|Any CPU
	EndGlobalSection
	GlobalSection(SolutionProperties) = preSolution
		HideSolutionNode = FALSE
	EndGlobalSection
	GlobalSection(NestedProjects) = preSolution
		{6D19C480-3BA0-4530-9E98-9D3C0A42AFC0} = {6B96611C-1ECA-48BD-A100-465F45406027}
		{7003E246-3E4B-4D83-A59E-DEC55E2FE8A9} = {6B96611C-1ECA-48BD-A100-465F45406027}
		{00C2C32A-7081-4447-BCC3-E89DF5B70B69} = {6B96611C-1ECA-48BD-A100-465F45406027}
	EndGlobalSection
	GlobalSection(ExtensibilityGlobals) = postSolution
		SolutionGuid = {6E173FAC-9340-4048-A64E-2F8808A6CDCE}
	EndGlobalSection
EndGlobal
